
Microsoft Visual Studio Solution File, Format Version 12.00
# Visual Studio Version 16
VisualStudioVersion = 16.0.35425.106
MinimumVisualStudioVersion = 10.0.40219.1
Project("{FAE04EC0-301F-11D3-BF4B-00C04F79EFBC}") = "funny_name_gen", "funny_name_gen\funny_name_gen.csproj", "{B8946915-30B1-4E0F-93B4-D2AF984E579F}"
EndProject
Global
	GlobalSection(SolutionConfigurationPlatforms) = preSolution
		Debug|Any CPU = Debug|Any CPU
		Release|Any CPU = Release|Any CPU
	EndGlobalSection
	GlobalSection(ProjectConfigurationPlatforms) = postSolution
		{B8946915-30B1-4E0F-93B4-D2AF984E579F}.Debug|Any CPU.ActiveCfg = Debug|Any CPU
		{B8946915-30B1-4E0F-93B4-D2AF984E579F}.Debug|Any CPU.Build.0 = Debug|Any CPU
		{B8946915-30B1-4E0F-93B4-D2AF984E579F}.Release|Any CPU.ActiveCfg = Release|Any CPU
		{B8946915-30B1-4E0F-93B4-D2AF984E579F}.Release|Any CPU.Build.0 = Release|Any CPU
	EndGlobalSection
	GlobalSection(SolutionProperties) = preSolution
		HideSolutionNode = FALSE
	EndGlobalSection
	GlobalSection(ExtensibilityGlobals) = postSolution
		SolutionGuid = {5E344B28-7D73-45A1-81E1-231F996BABCF}
	EndGlobalSection
EndGlobal
